{
  "R": {
    "Version": "4.1.3",
    "Repositories": [
      {
        "Name": "CRAN",
        "URL": "https://cloud.r-project.org"
      }
    ]
  },
  "Bioconductor": {
    "Version": "3.14"
  },
  "Packages": {
    "GLAD": {
      "Package": "GLAD",
      "Version": "2.58.0",
      "Source": "Bioconductor",
      "git_url": "https://git.bioconductor.org/packages/GLAD",
      "git_branch": "RELEASE_3_14",
      "git_last_commit": "b91c49b",
      "git_last_commit_date": "2021-10-26",
      "Hash": "549efcfebe668ad72ac08af9e7a69688",
      "Requirements": [
        "aws"
      ]
    },
    "aws": {
      "Package": "aws",
      "Version": "2.5-1",
      "Source": "Repository",
      "Repository": "CRAN",
      "Hash": "05024f3255cd1e04541a122d73ab4a9d",
      "Requirements": [
        "awsMethods",
        "gsl"
      ]
    },
    "awsMethods": {
      "Package": "awsMethods",
      "Version": "1.1-1",
      "Source": "Repository",
      "Repository": "CRAN",
      "Hash": "2dfceb7e0b4e9979cc392acb569c6c0d",
      "Requirements": []
    },
    "gsl": {
      "Package": "gsl",
      "Version": "2.1-7.1",
      "Source": "Repository",
      "Repository": "CRAN",
      "Hash": "167952c96eec4308c9487e1519a90682",
      "Requirements": []
    }
  }
}
